
Microsoft Visual Studio Solution File, Format Version 12.00
# Visual Studio 15
VisualStudioVersion = 15.0.27428.2027
MinimumVisualStudioVersion = 10.0.40219.1
Project("{FAE04EC0-301F-11D3-BF4B-00C04F79EFBC}") = "Sug.Website", "Sug.Website\Sug.Website.csproj", "{E97C2045-A267-40BE-ACAF-F044A81F9832}"
EndProject
Project("{2150E333-8FDC-42A3-9474-1A3956D46DE8}") = "Configuration", "Configuration", "{B59E9D9F-0205-437E-B891-200D1ABCA3E4}"
	ProjectSection(SolutionItems) = preProject
		..\gulp-config.js = ..\gulp-config.js
		..\gulpfile.js = ..\gulpfile.js
		..\package.json = ..\package.json
	EndProjectSection
EndProject
Project("{2150E333-8FDC-42A3-9474-1A3956D46DE8}") = "Feature", "Feature", "{25772529-5E37-4E13-A880-F54F00915466}"
EndProject
Project("{FAE04EC0-301F-11D3-BF4B-00C04F79EFBC}") = "Sug.Feature.MyFeature", "Sug.Feature.MyFeature\Sug.Feature.MyFeature.csproj", "{9DA0A956-5858-4C78-92C1-63896B222D4E}"
EndProject
Project("{FAE04EC0-301F-11D3-BF4B-00C04F79EFBC}") = "Sug.Feature.ServiceBus", "Sug.Feature.ServiceBus\Sug.Feature.ServiceBus.csproj", "{691E4D84-18D0-45EC-B482-D858A3E59D7D}"
EndProject
Project("{2150E333-8FDC-42A3-9474-1A3956D46DE8}") = "Project", "Project", "{5A282098-9B16-42D5-A784-FF89D72CE877}"
EndProject
Global
	GlobalSection(SolutionConfigurationPlatforms) = preSolution
		Debug|Any CPU = Debug|Any CPU
		Release|Any CPU = Release|Any CPU
	EndGlobalSection
	GlobalSection(ProjectConfigurationPlatforms) = postSolution
		{E97C2045-A267-40BE-ACAF-F044A81F9832}.Debug|Any CPU.ActiveCfg = Debug|Any CPU
		{E97C2045-A267-40BE-ACAF-F044A81F9832}.Debug|Any CPU.Build.0 = Debug|Any CPU
		{E97C2045-A267-40BE-ACAF-F044A81F9832}.Release|Any CPU.ActiveCfg = Release|Any CPU
		{E97C2045-A267-40BE-ACAF-F044A81F9832}.Release|Any CPU.Build.0 = Release|Any CPU
		{9DA0A956-5858-4C78-92C1-63896B222D4E}.Debug|Any CPU.ActiveCfg = Debug|Any CPU
		{9DA0A956-5858-4C78-92C1-63896B222D4E}.Debug|Any CPU.Build.0 = Debug|Any CPU
		{9DA0A956-5858-4C78-92C1-63896B222D4E}.Release|Any CPU.ActiveCfg = Release|Any CPU
		{9DA0A956-5858-4C78-92C1-63896B222D4E}.Release|Any CPU.Build.0 = Release|Any CPU
		{691E4D84-18D0-45EC-B482-D858A3E59D7D}.Debug|Any CPU.ActiveCfg = Debug|Any CPU
		{691E4D84-18D0-45EC-B482-D858A3E59D7D}.Debug|Any CPU.Build.0 = Debug|Any CPU
		{691E4D84-18D0-45EC-B482-D858A3E59D7D}.Release|Any CPU.ActiveCfg = Release|Any CPU
		{691E4D84-18D0-45EC-B482-D858A3E59D7D}.Release|Any CPU.Build.0 = Release|Any CPU
	EndGlobalSection
	GlobalSection(SolutionProperties) = preSolution
		HideSolutionNode = FALSE
	EndGlobalSection
	GlobalSection(NestedProjects) = preSolution
		{E97C2045-A267-40BE-ACAF-F044A81F9832} = {5A282098-9B16-42D5-A784-FF89D72CE877}
		{9DA0A956-5858-4C78-92C1-63896B222D4E} = {25772529-5E37-4E13-A880-F54F00915466}
		{691E4D84-18D0-45EC-B482-D858A3E59D7D} = {25772529-5E37-4E13-A880-F54F00915466}
	EndGlobalSection
	GlobalSection(ExtensibilityGlobals) = postSolution
		SolutionGuid = {5F1081BD-A576-4026-BF42-4DB68CD919A5}
	EndGlobalSection
EndGlobal
